
Microsoft Visual Studio Solution File, Format Version 12.00
# Visual Studio Version 16
VisualStudioVersion = 16.0.31005.135
MinimumVisualStudioVersion = 10.0.40219.1
Project("{8BC9CEB8-8B4A-11D0-8D11-00A0C91BC942}") = "swe2jni-dll", "swe2jni-dll.vcxproj", "{EE97CF7A-7F06-4233-A34F-0E5B6311EDEC}"
EndProject
Global
	GlobalSection(SolutionConfigurationPlatforms) = preSolution
		Debug|x64 = Debug|x64
		Release|x64 = Release|x64
	EndGlobalSection
	GlobalSection(ProjectConfigurationPlatforms) = postSolution
		{EE97CF7A-7F06-4233-A34F-0E5B6311EDEC}.Debug|x64.ActiveCfg = Debug|x64
		{EE97CF7A-7F06-4233-A34F-0E5B6311EDEC}.Debug|x64.Build.0 = Debug|x64
		{EE97CF7A-7F06-4233-A34F-0E5B6311EDEC}.Release|x64.ActiveCfg = Release|x64
		{EE97CF7A-7F06-4233-A34F-0E5B6311EDEC}.Release|x64.Build.0 = Release|x64
	EndGlobalSection
	GlobalSection(SolutionProperties) = preSolution
		HideSolutionNode = FALSE
	EndGlobalSection
	GlobalSection(ExtensibilityGlobals) = postSolution
		SolutionGuid = {3448B059-416B-426D-99A6-45B828445147}
	EndGlobalSection
EndGlobal
